
Microsoft Visual Studio Solution File, Format Version 12.00
# Visual Studio 14
VisualStudioVersion = 14.0.25420.1
MinimumVisualStudioVersion = 10.0.40219.1
Project("{FAE04EC0-301F-11D3-BF4B-00C04F79EFBC}") = "PRN292_LAB_2", "PRN292_LAB_2\PRN292_LAB_2.csproj", "{9CAC9B90-2553-48C1-9BBF-7ACC7F844EFF}"
EndProject
Global
	GlobalSection(SolutionConfigurationPlatforms) = preSolution
		Debug|Any CPU = Debug|Any CPU
		Release|Any CPU = Release|Any CPU
	EndGlobalSection
	GlobalSection(ProjectConfigurationPlatforms) = postSolution
		{9CAC9B90-2553-48C1-9BBF-7ACC7F844EFF}.Debug|Any CPU.ActiveCfg = Debug|Any CPU
		{9CAC9B90-2553-48C1-9BBF-7ACC7F844EFF}.Debug|Any CPU.Build.0 = Debug|Any CPU
		{9CAC9B90-2553-48C1-9BBF-7ACC7F844EFF}.Release|Any CPU.ActiveCfg = Release|Any CPU
		{9CAC9B90-2553-48C1-9BBF-7ACC7F844EFF}.Release|Any CPU.Build.0 = Release|Any CPU
	EndGlobalSection
	GlobalSection(SolutionProperties) = preSolution
		HideSolutionNode = FALSE
	EndGlobalSection
EndGlobal
